{
  "requires": true,
  "lockfileVersion": 1,
  "dependencies": {
    "wxml2canvas": {
      "version": "1.0.1",
      "resolved": "https://registry.npmjs.org/wxml2canvas/-/wxml2canvas-1.0.1.tgz",
      "integrity": "sha512-AdWvxgTjJtW/m6Cki1cwGO0HOERKU8O9V3RcCz8UyqJbrPF7e8Nv27/epYiIs64HlbPTKWTLl7ECjQi6UVducA=="
    }
  }
}
